Microsoft Visual Studio Solution File, Format Version 12.00
# Visual Studio Version 17
VisualStudioVersion = 17.5.2.0
MinimumVisualStudioVersion = 10.0.40219.1
Project("{FAE04EC0-301F-11D3-BF4B-00C04F79EFBC}") = "telerik-bug", "telerik-bug.csproj", "{1D948D10-67B2-EF33-6A51-2593986C8E2E}"
EndProject
Global
	GlobalSection(SolutionConfigurationPlatforms) = preSolution
		Debug|Any CPU = Debug|Any CPU
		Release|Any CPU = Release|Any CPU
	EndGlobalSection
	GlobalSection(ProjectConfigurationPlatforms) = postSolution
		{1D948D10-67B2-EF33-6A51-2593986C8E2E}.Debug|Any CPU.ActiveCfg = Debug|Any CPU
		{1D948D10-67B2-EF33-6A51-2593986C8E2E}.Debug|Any CPU.Build.0 = Debug|Any CPU
		{1D948D10-67B2-EF33-6A51-2593986C8E2E}.Release|Any CPU.ActiveCfg = Release|Any CPU
		{1D948D10-67B2-EF33-6A51-2593986C8E2E}.Release|Any CPU.Build.0 = Release|Any CPU
	EndGlobalSection
	GlobalSection(SolutionProperties) = preSolution
		HideSolutionNode = FALSE
	EndGlobalSection
	GlobalSection(ExtensibilityGlobals) = postSolution
		SolutionGuid = {C1E1DDEB-7566-4A2A-B6B3-E26D10E13AA7}
	EndGlobalSection
EndGlobal
